
Microsoft Visual Studio Solution File, Format Version 12.00
# Visual Studio Version 16
VisualStudioVersion = 16.0.31019.35
MinimumVisualStudioVersion = 10.0.40219.1
Project("{9A19103F-16F7-4668-BE54-9A1E7A4F7556}") = "Ckode.ServiceLocator", "src\Ckode.ServiceLocator\Ckode.ServiceLocator.csproj", "{595F0C4D-2F0D-496C-9B76-0F1DD1E8918E}"
EndProject
Project("{FAE04EC0-301F-11D3-BF4B-00C04F79EFBC}") = "Ckode.ServiceLocator.Tests", "tests\Ckode.ServiceLocator.Tests\Ckode.ServiceLocator.Tests.csproj", "{F02C5865-4B98-4DB1-9A77-0DDF2C729A51}"
EndProject
Project("{2150E333-8FDC-42A3-9474-1A3956D46DE8}") = "Solution Items", "Solution Items", "{6C450BD8-53F7-4687-B222-E1AAC54C2E71}"
	ProjectSection(SolutionItems) = preProject
		.editorconfig = .editorconfig
	EndProjectSection
EndProject
Global
	GlobalSection(SolutionConfigurationPlatforms) = preSolution
		Debug|Any CPU = Debug|Any CPU
		Release|Any CPU = Release|Any CPU
	EndGlobalSection
	GlobalSection(ProjectConfigurationPlatforms) = postSolution
		{595F0C4D-2F0D-496C-9B76-0F1DD1E8918E}.Debug|Any CPU.ActiveCfg = Debug|Any CPU
		{595F0C4D-2F0D-496C-9B76-0F1DD1E8918E}.Debug|Any CPU.Build.0 = Debug|Any CPU
		{595F0C4D-2F0D-496C-9B76-0F1DD1E8918E}.Release|Any CPU.ActiveCfg = Release|Any CPU
		{595F0C4D-2F0D-496C-9B76-0F1DD1E8918E}.Release|Any CPU.Build.0 = Release|Any CPU
		{F02C5865-4B98-4DB1-9A77-0DDF2C729A51}.Debug|Any CPU.ActiveCfg = Debug|Any CPU
		{F02C5865-4B98-4DB1-9A77-0DDF2C729A51}.Debug|Any CPU.Build.0 = Debug|Any CPU
		{F02C5865-4B98-4DB1-9A77-0DDF2C729A51}.Release|Any CPU.ActiveCfg = Release|Any CPU
		{F02C5865-4B98-4DB1-9A77-0DDF2C729A51}.Release|Any CPU.Build.0 = Release|Any CPU
	EndGlobalSection
	GlobalSection(SolutionProperties) = preSolution
		HideSolutionNode = FALSE
	EndGlobalSection
	GlobalSection(ExtensibilityGlobals) = postSolution
		SolutionGuid = {147890D3-C1CF-4119-887C-242A2EE0DB43}
	EndGlobalSection
EndGlobal
